
Microsoft Visual Studio Solution File, Format Version 12.00
# Visual Studio 15
VisualStudioVersion = 15.0.27428.2037
MinimumVisualStudioVersion = 10.0.40219.1
Project("{FAE04EC0-301F-11D3-BF4B-00C04F79EFBC}") = "HarrisZhang.Blog.Display", "HarrisZhang.Blog.Display\HarrisZhang.Blog.Display.csproj", "{FA9D4242-BAD7-4EC8-9AFF-17EC4794A32F}"
EndProject
Global
	GlobalSection(SolutionConfigurationPlatforms) = preSolution
		Debug|Any CPU = Debug|Any CPU
		Release|Any CPU = Release|Any CPU
	EndGlobalSection
	GlobalSection(ProjectConfigurationPlatforms) = postSolution
		{FA9D4242-BAD7-4EC8-9AFF-17EC4794A32F}.Debug|Any CPU.ActiveCfg = Debug|Any CPU
		{FA9D4242-BAD7-4EC8-9AFF-17EC4794A32F}.Debug|Any CPU.Build.0 = Debug|Any CPU
		{FA9D4242-BAD7-4EC8-9AFF-17EC4794A32F}.Release|Any CPU.ActiveCfg = Release|Any CPU
		{FA9D4242-BAD7-4EC8-9AFF-17EC4794A32F}.Release|Any CPU.Build.0 = Release|Any CPU
	EndGlobalSection
	GlobalSection(SolutionProperties) = preSolution
		HideSolutionNode = FALSE
	EndGlobalSection
	GlobalSection(ExtensibilityGlobals) = postSolution
		SolutionGuid = {FA8A76EC-B4CE-4CC8-8760-052B1C42F316}
	EndGlobalSection
EndGlobal
